
Microsoft Visual Studio Solution File, Format Version 12.00
# Visual Studio 15
VisualStudioVersion = 15.0.26124.0
MinimumVisualStudioVersion = 15.0.26124.0
Project("{2150E333-8FDC-42A3-9474-1A3956D46DE8}") = "src", "src", "{C7815A03-7C72-4032-8FF3-7D7A1A8E57B4}"
EndProject
Project("{FAE04EC0-301F-11D3-BF4B-00C04F79EFBC}") = "WorldZero.Common", "src\Common\WorldZero.Common.csproj", "{808FE791-9D75-464F-828D-E1239E70D8CC}"
EndProject
Project("{FAE04EC0-301F-11D3-BF4B-00C04F79EFBC}") = "WorldZero.Data", "src\Data\WorldZero.Data.csproj", "{0FFED13A-05B3-4088-AF37-E4A2C0DFA4D4}"
EndProject
Project("{FAE04EC0-301F-11D3-BF4B-00C04F79EFBC}") = "WorldZero.Service", "src\Service\WorldZero.Service.csproj", "{7457A4CD-0CE1-4131-8C27-DF6CF0ACD3F6}"
EndProject
Project("{2150E333-8FDC-42A3-9474-1A3956D46DE8}") = "test", "test", "{03C0752E-4477-4FDA-8CD7-0A75D743F73D}"
EndProject
Project("{FAE04EC0-301F-11D3-BF4B-00C04F79EFBC}") = "Test.Unit", "test\Unit\Test.Unit.csproj", "{B796FC37-5C42-40B7-8C25-B0DC55697246}"
EndProject
Project("{FAE04EC0-301F-11D3-BF4B-00C04F79EFBC}") = "WorldZero.Test.ManualIntegration", "test\ManualIntegration\WorldZero.Test.ManualIntegration.csproj", "{E558E382-28FB-4A21-9BAC-5CA590C5BDDA}"
EndProject
Project("{FAE04EC0-301F-11D3-BF4B-00C04F79EFBC}") = "WorldZero.Test.Integration", "test\Integration\WorldZero.Test.Integration.csproj", "{534B6B7D-C38B-4274-B8FE-B9C7356C092B}"
EndProject
Global
	GlobalSection(SolutionConfigurationPlatforms) = preSolution
		Debug|Any CPU = Debug|Any CPU
		Debug|x64 = Debug|x64
		Debug|x86 = Debug|x86
		Release|Any CPU = Release|Any CPU
		Release|x64 = Release|x64
		Release|x86 = Release|x86
	EndGlobalSection
	GlobalSection(SolutionProperties) = preSolution
		HideSolutionNode = FALSE
	EndGlobalSection
	GlobalSection(ProjectConfigurationPlatforms) = postSolution
		{808FE791-9D75-464F-828D-E1239E70D8CC}.Debug|Any CPU.ActiveCfg = Debug|Any CPU
		{808FE791-9D75-464F-828D-E1239E70D8CC}.Debug|Any CPU.Build.0 = Debug|Any CPU
		{808FE791-9D75-464F-828D-E1239E70D8CC}.Debug|x64.ActiveCfg = Debug|Any CPU
		{808FE791-9D75-464F-828D-E1239E70D8CC}.Debug|x64.Build.0 = Debug|Any CPU
		{808FE791-9D75-464F-828D-E1239E70D8CC}.Debug|x86.ActiveCfg = Debug|Any CPU
		{808FE791-9D75-464F-828D-E1239E70D8CC}.Debug|x86.Build.0 = Debug|Any CPU
		{808FE791-9D75-464F-828D-E1239E70D8CC}.Release|Any CPU.ActiveCfg = Release|Any CPU
		{808FE791-9D75-464F-828D-E1239E70D8CC}.Release|Any CPU.Build.0 = Release|Any CPU
		{808FE791-9D75-464F-828D-E1239E70D8CC}.Release|x64.ActiveCfg = Release|Any CPU
		{808FE791-9D75-464F-828D-E1239E70D8CC}.Release|x64.Build.0 = Release|Any CPU
		{808FE791-9D75-464F-828D-E1239E70D8CC}.Release|x86.ActiveCfg = Release|Any CPU
		{808FE791-9D75-464F-828D-E1239E70D8CC}.Release|x86.Build.0 = Release|Any CPU
		{0FFED13A-05B3-4088-AF37-E4A2C0DFA4D4}.Debug|Any CPU.ActiveCfg = Debug|Any CPU
		{0FFED13A-05B3-4088-AF37-E4A2C0DFA4D4}.Debug|Any CPU.Build.0 = Debug|Any CPU
		{0FFED13A-05B3-4088-AF37-E4A2C0DFA4D4}.Debug|x64.ActiveCfg = Debug|Any CPU
		{0FFED13A-05B3-4088-AF37-E4A2C0DFA4D4}.Debug|x64.Build.0 = Debug|Any CPU
		{0FFED13A-05B3-4088-AF37-E4A2C0DFA4D4}.Debug|x86.ActiveCfg = Debug|Any CPU
		{0FFED13A-05B3-4088-AF37-E4A2C0DFA4D4}.Debug|x86.Build.0 = Debug|Any CPU
		{0FFED13A-05B3-4088-AF37-E4A2C0DFA4D4}.Release|Any CPU.ActiveCfg = Release|Any CPU
		{0FFED13A-05B3-4088-AF37-E4A2C0DFA4D4}.Release|Any CPU.Build.0 = Release|Any CPU
		{0FFED13A-05B3-4088-AF37-E4A2C0DFA4D4}.Release|x64.ActiveCfg = Release|Any CPU
		{0FFED13A-05B3-4088-AF37-E4A2C0DFA4D4}.Release|x64.Build.0 = Release|Any CPU
		{0FFED13A-05B3-4088-AF37-E4A2C0DFA4D4}.Release|x86.ActiveCfg = Release|Any CPU
		{0FFED13A-05B3-4088-AF37-E4A2C0DFA4D4}.Release|x86.Build.0 = Release|Any CPU
		{7457A4CD-0CE1-4131-8C27-DF6CF0ACD3F6}.Debug|Any CPU.ActiveCfg = Debug|Any CPU
		{7457A4CD-0CE1-4131-8C27-DF6CF0ACD3F6}.Debug|Any CPU.Build.0 = Debug|Any CPU
		{7457A4CD-0CE1-4131-8C27-DF6CF0ACD3F6}.Debug|x64.ActiveCfg = Debug|Any CPU
		{7457A4CD-0CE1-4131-8C27-DF6CF0ACD3F6}.Debug|x64.Build.0 = Debug|Any CPU
		{7457A4CD-0CE1-4131-8C27-DF6CF0ACD3F6}.Debug|x86.ActiveCfg = Debug|Any CPU
		{7457A4CD-0CE1-4131-8C27-DF6CF0ACD3F6}.Debug|x86.Build.0 = Debug|Any CPU
		{7457A4CD-0CE1-4131-8C27-DF6CF0ACD3F6}.Release|Any CPU.ActiveCfg = Release|Any CPU
		{7457A4CD-0CE1-4131-8C27-DF6CF0ACD3F6}.Release|Any CPU.Build.0 = Release|Any CPU
		{7457A4CD-0CE1-4131-8C27-DF6CF0ACD3F6}.Release|x64.ActiveCfg = Release|Any CPU
		{7457A4CD-0CE1-4131-8C27-DF6CF0ACD3F6}.Release|x64.Build.0 = Release|Any CPU
		{7457A4CD-0CE1-4131-8C27-DF6CF0ACD3F6}.Release|x86.ActiveCfg = Release|Any CPU
		{7457A4CD-0CE1-4131-8C27-DF6CF0ACD3F6}.Release|x86.Build.0 = Release|Any CPU
		{B796FC37-5C42-40B7-8C25-B0DC55697246}.Debug|Any CPU.ActiveCfg = Debug|Any CPU
		{B796FC37-5C42-40B7-8C25-B0DC55697246}.Debug|Any CPU.Build.0 = Debug|Any CPU
		{B796FC37-5C42-40B7-8C25-B0DC55697246}.Debug|x64.ActiveCfg = Debug|Any CPU
		{B796FC37-5C42-40B7-8C25-B0DC55697246}.Debug|x64.Build.0 = Debug|Any CPU
		{B796FC37-5C42-40B7-8C25-B0DC55697246}.Debug|x86.ActiveCfg = Debug|Any CPU
		{B796FC37-5C42-40B7-8C25-B0DC55697246}.Debug|x86.Build.0 = Debug|Any CPU
		{B796FC37-5C42-40B7-8C25-B0DC55697246}.Release|Any CPU.ActiveCfg = Release|Any CPU
		{B796FC37-5C42-40B7-8C25-B0DC55697246}.Release|Any CPU.Build.0 = Release|Any CPU
		{B796FC37-5C42-40B7-8C25-B0DC55697246}.Release|x64.ActiveCfg = Release|Any CPU
		{B796FC37-5C42-40B7-8C25-B0DC55697246}.Release|x64.Build.0 = Release|Any CPU
		{B796FC37-5C42-40B7-8C25-B0DC55697246}.Release|x86.ActiveCfg = Release|Any CPU
		{B796FC37-5C42-40B7-8C25-B0DC55697246}.Release|x86.Build.0 = Release|Any CPU
		{E558E382-28FB-4A21-9BAC-5CA590C5BDDA}.Debug|Any CPU.ActiveCfg = Debug|Any CPU
		{E558E382-28FB-4A21-9BAC-5CA590C5BDDA}.Debug|Any CPU.Build.0 = Debug|Any CPU
		{E558E382-28FB-4A21-9BAC-5CA590C5BDDA}.Debug|x64.ActiveCfg = Debug|Any CPU
		{E558E382-28FB-4A21-9BAC-5CA590C5BDDA}.Debug|x64.Build.0 = Debug|Any CPU
		{E558E382-28FB-4A21-9BAC-5CA590C5BDDA}.Debug|x86.ActiveCfg = Debug|Any CPU
		{E558E382-28FB-4A21-9BAC-5CA590C5BDDA}.Debug|x86.Build.0 = Debug|Any CPU
		{E558E382-28FB-4A21-9BAC-5CA590C5BDDA}.Release|Any CPU.ActiveCfg = Release|Any CPU
		{E558E382-28FB-4A21-9BAC-5CA590C5BDDA}.Release|Any CPU.Build.0 = Release|Any CPU
		{E558E382-28FB-4A21-9BAC-5CA590C5BDDA}.Release|x64.ActiveCfg = Release|Any CPU
		{E558E382-28FB-4A21-9BAC-5CA590C5BDDA}.Release|x64.Build.0 = Release|Any CPU
		{E558E382-28FB-4A21-9BAC-5CA590C5BDDA}.Release|x86.ActiveCfg = Release|Any CPU
		{E558E382-28FB-4A21-9BAC-5CA590C5BDDA}.Release|x86.Build.0 = Release|Any CPU
		{534B6B7D-C38B-4274-B8FE-B9C7356C092B}.Debug|Any CPU.ActiveCfg = Debug|Any CPU
		{534B6B7D-C38B-4274-B8FE-B9C7356C092B}.Debug|Any CPU.Build.0 = Debug|Any CPU
		{534B6B7D-C38B-4274-B8FE-B9C7356C092B}.Debug|x64.ActiveCfg = Debug|Any CPU
		{534B6B7D-C38B-4274-B8FE-B9C7356C092B}.Debug|x64.Build.0 = Debug|Any CPU
		{534B6B7D-C38B-4274-B8FE-B9C7356C092B}.Debug|x86.ActiveCfg = Debug|Any CPU
		{534B6B7D-C38B-4274-B8FE-B9C7356C092B}.Debug|x86.Build.0 = Debug|Any CPU
		{534B6B7D-C38B-4274-B8FE-B9C7356C092B}.Release|Any CPU.ActiveCfg = Release|Any CPU
		{534B6B7D-C38B-4274-B8FE-B9C7356C092B}.Release|Any CPU.Build.0 = Release|Any CPU
		{534B6B7D-C38B-4274-B8FE-B9C7356C092B}.Release|x64.ActiveCfg = Release|Any CPU
		{534B6B7D-C38B-4274-B8FE-B9C7356C092B}.Release|x64.Build.0 = Release|Any CPU
		{534B6B7D-C38B-4274-B8FE-B9C7356C092B}.Release|x86.ActiveCfg = Release|Any CPU
		{534B6B7D-C38B-4274-B8FE-B9C7356C092B}.Release|x86.Build.0 = Release|Any CPU
	EndGlobalSection
	GlobalSection(NestedProjects) = preSolution
		{808FE791-9D75-464F-828D-E1239E70D8CC} = {C7815A03-7C72-4032-8FF3-7D7A1A8E57B4}
		{0FFED13A-05B3-4088-AF37-E4A2C0DFA4D4} = {C7815A03-7C72-4032-8FF3-7D7A1A8E57B4}
		{7457A4CD-0CE1-4131-8C27-DF6CF0ACD3F6} = {C7815A03-7C72-4032-8FF3-7D7A1A8E57B4}
		{B796FC37-5C42-40B7-8C25-B0DC55697246} = {03C0752E-4477-4FDA-8CD7-0A75D743F73D}
		{E558E382-28FB-4A21-9BAC-5CA590C5BDDA} = {03C0752E-4477-4FDA-8CD7-0A75D743F73D}
		{534B6B7D-C38B-4274-B8FE-B9C7356C092B} = {03C0752E-4477-4FDA-8CD7-0A75D743F73D}
	EndGlobalSection
EndGlobal
